
Microsoft Visual Studio Solution File, Format Version 12.00
# Visual Studio 15
VisualStudioVersion = 15.0.27703.2047
MinimumVisualStudioVersion = 10.0.40219.1
Project("{9A19103F-16F7-4668-BE54-9A1E7A4F7556}") = "MomHelp.WebClient.Client", "MomHelp.WebClient.Client\MomHelp.WebClient.Client.csproj", "{5B90F691-CED2-4FDA-99B7-E787EF5168BD}"
EndProject
Project("{9A19103F-16F7-4668-BE54-9A1E7A4F7556}") = "MomHelp.WebClient.Server", "MomHelp.WebClient.Server\MomHelp.WebClient.Server.csproj", "{7160C91A-D72A-439B-A574-BF8E126B0BB6}"
EndProject
Global
	GlobalSection(SolutionConfigurationPlatforms) = preSolution
		Debug|Any CPU = Debug|Any CPU
		Release|Any CPU = Release|Any CPU
	EndGlobalSection
	GlobalSection(ProjectConfigurationPlatforms) = postSolution
		{5B90F691-CED2-4FDA-99B7-E787EF5168BD}.Debug|Any CPU.ActiveCfg = Debug|Any CPU
		{5B90F691-CED2-4FDA-99B7-E787EF5168BD}.Debug|Any CPU.Build.0 = Debug|Any CPU
		{5B90F691-CED2-4FDA-99B7-E787EF5168BD}.Release|Any CPU.ActiveCfg = Release|Any CPU
		{5B90F691-CED2-4FDA-99B7-E787EF5168BD}.Release|Any CPU.Build.0 = Release|Any CPU
		{7160C91A-D72A-439B-A574-BF8E126B0BB6}.Debug|Any CPU.ActiveCfg = Debug|Any CPU
		{7160C91A-D72A-439B-A574-BF8E126B0BB6}.Debug|Any CPU.Build.0 = Debug|Any CPU
		{7160C91A-D72A-439B-A574-BF8E126B0BB6}.Release|Any CPU.ActiveCfg = Release|Any CPU
		{7160C91A-D72A-439B-A574-BF8E126B0BB6}.Release|Any CPU.Build.0 = Release|Any CPU
	EndGlobalSection
	GlobalSection(SolutionProperties) = preSolution
		HideSolutionNode = FALSE
	EndGlobalSection
	GlobalSection(ExtensibilityGlobals) = postSolution
		SolutionGuid = {538469DC-8852-4EA5-B387-599EF0027F9E}
	EndGlobalSection
EndGlobal
